name: update-flake-lock

on: [workflow_call]

jobs:
  update-flake-lock:
    runs-on: ubuntu-latest
    permissions:
      contents: write
      pull-requests: write
    steps:
      - name: Checkout
        uses: actions/checkout@v6.0.1
        with:
          ref: ${{ github.event.repository.default_branch }}
      - name: Install Nix
        uses: cachix/install-nix-action@v31
        with:
          nix_path: nixpkgs=channel:nixos-unstable
          extra_nix_config: |
            experimental-features = nix-command flakes
      - name: Generate flake.lock
        run: nix flake lock
      - name: Create Pull Request
        id: cpr
        uses: peter-evans/create-pull-request@v7
        with:
          commit-message: "chore: update flake.lock"
          title: "chore: update flake.lock"
          body: "Automated flake.lock update"
          branch: "chore/update-flake-lock"
          delete-branch: true
          signoff: true
      - name: Enable auto-merge
        if: steps.cpr.outputs.pull-request-number
        run: gh pr merge --auto --squash "${{ steps.cpr.outputs.pull-request-number }}"
        env:
          GH_TOKEN: ${{ secrets.GITHUB_TOKEN }}
